
Microsoft Visual Studio Solution File, Format Version 12.00
# Visual Studio Version 17
VisualStudioVersion = 17.5.33414.496
MinimumVisualStudioVersion = 10.0.40219.1
Project("{2150E333-8FDC-42A3-9474-1A3956D46DE8}") = "CQRS-ES", "CQRS-ES", "{22297482-6B42-4138-A649-ED0DEB443260}"
EndProject
Project("{9A19103F-16F7-4668-BE54-9A1E7A4F7556}") = "CQRS.Core", "CQRS-ES\CQRS.Core\CQRS.Core.csproj", "{35901A06-B471-483D-8950-AF9B27374D65}"
EndProject
Project("{2150E333-8FDC-42A3-9474-1A3956D46DE8}") = "SM-Post", "SM-Post", "{8FBBF4CE-E3E0-44F3-8703-06461D11EACD}"
EndProject
Project("{2150E333-8FDC-42A3-9474-1A3956D46DE8}") = "Post.Cmd", "Post.Cmd", "{11DF29E4-01C0-4D0E-A184-E0443F6600D6}"
EndProject
Project("{2150E333-8FDC-42A3-9474-1A3956D46DE8}") = "Post.Query", "Post.Query", "{3A4036A9-8122-4FF2-8C72-55C9B4A217E2}"
EndProject
Project("{FAE04EC0-301F-11D3-BF4B-00C04F79EFBC}") = "Post.Cmd.Api", "SM-Post\Post.Cmd\Post.Cmd.Api\Post.Cmd.Api.csproj", "{CE27AC34-8F7E-4332-8706-3A33854C9613}"
EndProject
Project("{FAE04EC0-301F-11D3-BF4B-00C04F79EFBC}") = "Post.Cmd.Domain", "SM-Post\Post.Cmd\Post.Cmd.Domain\Post.Cmd.Domain.csproj", "{D8989E24-E1A5-4A76-9E8B-024B21FBCFAD}"
EndProject
Project("{FAE04EC0-301F-11D3-BF4B-00C04F79EFBC}") = "Post.Cmd.Infrastructure", "SM-Post\Post.Cmd\Post.Cmd.Infraestructure\Post.Cmd.Infrastructure.csproj", "{5C8BC10D-AD33-49B6-8534-F4A9781840F0}"
EndProject
Project("{FAE04EC0-301F-11D3-BF4B-00C04F79EFBC}") = "Post.Query.Api", "SM-Post\Post.Query\Post.Query.Api\Post.Query.Api.csproj", "{B7B436C3-8732-47B6-B92A-5D0745AD04B6}"
EndProject
Project("{FAE04EC0-301F-11D3-BF4B-00C04F79EFBC}") = "Post.Query.Domain", "SM-Post\Post.Query\Post.Query.Domain\Post.Query.Domain.csproj", "{25B78175-87E4-4F61-9CA9-BBD65A8B0451}"
EndProject
Project("{FAE04EC0-301F-11D3-BF4B-00C04F79EFBC}") = "Post.Query.Infrastructure", "SM-Post\Post.Query\Post.Query.Infraestructure\Post.Query.Infrastructure.csproj", "{048AB7CD-867E-4556-B533-84D5F1192AA3}"
EndProject
Project("{2150E333-8FDC-42A3-9474-1A3956D46DE8}") = "Post.Commom", "Post.Commom", "{B54D0E67-1DEB-476D-B7EC-2F84EDCF00C9}"
EndProject
Project("{FAE04EC0-301F-11D3-BF4B-00C04F79EFBC}") = "Post.Commom", "SM-Post\Post.Common\Post.Commom\Post.Commom.csproj", "{0CE33BAF-FC65-4FC5-B4B0-B81ED8BEC813}"
EndProject
Global
	GlobalSection(SolutionConfigurationPlatforms) = preSolution
		Debug|Any CPU = Debug|Any CPU
		Release|Any CPU = Release|Any CPU
	EndGlobalSection
	GlobalSection(ProjectConfigurationPlatforms) = postSolution
		{35901A06-B471-483D-8950-AF9B27374D65}.Debug|Any CPU.ActiveCfg = Debug|Any CPU
		{35901A06-B471-483D-8950-AF9B27374D65}.Debug|Any CPU.Build.0 = Debug|Any CPU
		{35901A06-B471-483D-8950-AF9B27374D65}.Release|Any CPU.ActiveCfg = Release|Any CPU
		{35901A06-B471-483D-8950-AF9B27374D65}.Release|Any CPU.Build.0 = Release|Any CPU
		{CE27AC34-8F7E-4332-8706-3A33854C9613}.Debug|Any CPU.ActiveCfg = Debug|Any CPU
		{CE27AC34-8F7E-4332-8706-3A33854C9613}.Debug|Any CPU.Build.0 = Debug|Any CPU
		{CE27AC34-8F7E-4332-8706-3A33854C9613}.Release|Any CPU.ActiveCfg = Release|Any CPU
		{CE27AC34-8F7E-4332-8706-3A33854C9613}.Release|Any CPU.Build.0 = Release|Any CPU
		{D8989E24-E1A5-4A76-9E8B-024B21FBCFAD}.Debug|Any CPU.ActiveCfg = Debug|Any CPU
		{D8989E24-E1A5-4A76-9E8B-024B21FBCFAD}.Debug|Any CPU.Build.0 = Debug|Any CPU
		{D8989E24-E1A5-4A76-9E8B-024B21FBCFAD}.Release|Any CPU.ActiveCfg = Release|Any CPU
		{D8989E24-E1A5-4A76-9E8B-024B21FBCFAD}.Release|Any CPU.Build.0 = Release|Any CPU
		{5C8BC10D-AD33-49B6-8534-F4A9781840F0}.Debug|Any CPU.ActiveCfg = Debug|Any CPU
		{5C8BC10D-AD33-49B6-8534-F4A9781840F0}.Debug|Any CPU.Build.0 = Debug|Any CPU
		{5C8BC10D-AD33-49B6-8534-F4A9781840F0}.Release|Any CPU.ActiveCfg = Release|Any CPU
		{5C8BC10D-AD33-49B6-8534-F4A9781840F0}.Release|Any CPU.Build.0 = Release|Any CPU
		{B7B436C3-8732-47B6-B92A-5D0745AD04B6}.Debug|Any CPU.ActiveCfg = Debug|Any CPU
		{B7B436C3-8732-47B6-B92A-5D0745AD04B6}.Debug|Any CPU.Build.0 = Debug|Any CPU
		{B7B436C3-8732-47B6-B92A-5D0745AD04B6}.Release|Any CPU.ActiveCfg = Release|Any CPU
		{B7B436C3-8732-47B6-B92A-5D0745AD04B6}.Release|Any CPU.Build.0 = Release|Any CPU
		{25B78175-87E4-4F61-9CA9-BBD65A8B0451}.Debug|Any CPU.ActiveCfg = Debug|Any CPU
		{25B78175-87E4-4F61-9CA9-BBD65A8B0451}.Debug|Any CPU.Build.0 = Debug|Any CPU
		{25B78175-87E4-4F61-9CA9-BBD65A8B0451}.Release|Any CPU.ActiveCfg = Release|Any CPU
		{25B78175-87E4-4F61-9CA9-BBD65A8B0451}.Release|Any CPU.Build.0 = Release|Any CPU
		{048AB7CD-867E-4556-B533-84D5F1192AA3}.Debug|Any CPU.ActiveCfg = Debug|Any CPU
		{048AB7CD-867E-4556-B533-84D5F1192AA3}.Debug|Any CPU.Build.0 = Debug|Any CPU
		{048AB7CD-867E-4556-B533-84D5F1192AA3}.Release|Any CPU.ActiveCfg = Release|Any CPU
		{048AB7CD-867E-4556-B533-84D5F1192AA3}.Release|Any CPU.Build.0 = Release|Any CPU
		{0CE33BAF-FC65-4FC5-B4B0-B81ED8BEC813}.Debug|Any CPU.ActiveCfg = Debug|Any CPU
		{0CE33BAF-FC65-4FC5-B4B0-B81ED8BEC813}.Debug|Any CPU.Build.0 = Debug|Any CPU
		{0CE33BAF-FC65-4FC5-B4B0-B81ED8BEC813}.Release|Any CPU.ActiveCfg = Release|Any CPU
		{0CE33BAF-FC65-4FC5-B4B0-B81ED8BEC813}.Release|Any CPU.Build.0 = Release|Any CPU
	EndGlobalSection
	GlobalSection(SolutionProperties) = preSolution
		HideSolutionNode = FALSE
	EndGlobalSection
	GlobalSection(NestedProjects) = preSolution
		{35901A06-B471-483D-8950-AF9B27374D65} = {22297482-6B42-4138-A649-ED0DEB443260}
		{11DF29E4-01C0-4D0E-A184-E0443F6600D6} = {8FBBF4CE-E3E0-44F3-8703-06461D11EACD}
		{3A4036A9-8122-4FF2-8C72-55C9B4A217E2} = {8FBBF4CE-E3E0-44F3-8703-06461D11EACD}
		{CE27AC34-8F7E-4332-8706-3A33854C9613} = {11DF29E4-01C0-4D0E-A184-E0443F6600D6}
		{D8989E24-E1A5-4A76-9E8B-024B21FBCFAD} = {11DF29E4-01C0-4D0E-A184-E0443F6600D6}
		{5C8BC10D-AD33-49B6-8534-F4A9781840F0} = {11DF29E4-01C0-4D0E-A184-E0443F6600D6}
		{B7B436C3-8732-47B6-B92A-5D0745AD04B6} = {3A4036A9-8122-4FF2-8C72-55C9B4A217E2}
		{25B78175-87E4-4F61-9CA9-BBD65A8B0451} = {3A4036A9-8122-4FF2-8C72-55C9B4A217E2}
		{048AB7CD-867E-4556-B533-84D5F1192AA3} = {3A4036A9-8122-4FF2-8C72-55C9B4A217E2}
		{B54D0E67-1DEB-476D-B7EC-2F84EDCF00C9} = {8FBBF4CE-E3E0-44F3-8703-06461D11EACD}
		{0CE33BAF-FC65-4FC5-B4B0-B81ED8BEC813} = {B54D0E67-1DEB-476D-B7EC-2F84EDCF00C9}
	EndGlobalSection
	GlobalSection(ExtensibilityGlobals) = postSolution
		SolutionGuid = {DC4EC1C8-30C8-47C2-AF8A-14A7833760DC}
	EndGlobalSection
EndGlobal
